
Microsoft Visual Studio Solution File, Format Version 12.00
# Visual Studio Version 17
VisualStudioVersion = 17.9.34902.65
MinimumVisualStudioVersion = 10.0.40219.1
Project("{9A19103F-16F7-4668-BE54-9A1E7A4F7556}") = "CatholicDailyReadings.Business", "CatholicDailyReadings.Business\CatholicDailyReadings.Business.csproj", "{979771FC-72DF-4125-B31B-1675A90BDDBB}"
EndProject
Project("{9A19103F-16F7-4668-BE54-9A1E7A4F7556}") = "CatholicDailyReadings.Models", "CatholicDailyReadings.Models\CatholicDailyReadings.Models.csproj", "{CE813F20-51B3-4BB4-B061-F83B2F68951C}"
EndProject
Project("{9A19103F-16F7-4668-BE54-9A1E7A4F7556}") = "CatholicDailyReadings.Utils", "CatholicDailyReadings.Utils\CatholicDailyReadings.Utils.csproj", "{879A1E57-C268-4309-A0FA-3A313083865F}"
EndProject
Project("{9A19103F-16F7-4668-BE54-9A1E7A4F7556}") = "CatholicDailyReadings.BusinessTests", "CatholicDailyReadings.BusinessTests\CatholicDailyReadings.BusinessTests.csproj", "{05597CDF-2E0E-40CD-9A10-CE9214D67ECA}"
EndProject
Project("{9A19103F-16F7-4668-BE54-9A1E7A4F7556}") = "CatholicDailyReadings.UtilsTests", "CatholicDailyReadings.UtilsTests\CatholicDailyReadings.UtilsTests.csproj", "{9A8872D5-6A20-469B-8766-69484FD00A05}"
EndProject
Project("{9A19103F-16F7-4668-BE54-9A1E7A4F7556}") = "CatholicDailyReadings", "CatholicDailyReadings.csproj", "{B4658C9A-5975-4053-ABE8-70201C542340}"
EndProject
Global
	GlobalSection(SolutionConfigurationPlatforms) = preSolution
		Debug|Any CPU = Debug|Any CPU
		Release|Any CPU = Release|Any CPU
	EndGlobalSection
	GlobalSection(ProjectConfigurationPlatforms) = postSolution
		{979771FC-72DF-4125-B31B-1675A90BDDBB}.Debug|Any CPU.ActiveCfg = Debug|Any CPU
		{979771FC-72DF-4125-B31B-1675A90BDDBB}.Debug|Any CPU.Build.0 = Debug|Any CPU
		{979771FC-72DF-4125-B31B-1675A90BDDBB}.Release|Any CPU.ActiveCfg = Release|Any CPU
		{979771FC-72DF-4125-B31B-1675A90BDDBB}.Release|Any CPU.Build.0 = Release|Any CPU
		{CE813F20-51B3-4BB4-B061-F83B2F68951C}.Debug|Any CPU.ActiveCfg = Debug|Any CPU
		{CE813F20-51B3-4BB4-B061-F83B2F68951C}.Debug|Any CPU.Build.0 = Debug|Any CPU
		{CE813F20-51B3-4BB4-B061-F83B2F68951C}.Release|Any CPU.ActiveCfg = Release|Any CPU
		{CE813F20-51B3-4BB4-B061-F83B2F68951C}.Release|Any CPU.Build.0 = Release|Any CPU
		{879A1E57-C268-4309-A0FA-3A313083865F}.Debug|Any CPU.ActiveCfg = Debug|Any CPU
		{879A1E57-C268-4309-A0FA-3A313083865F}.Debug|Any CPU.Build.0 = Debug|Any CPU
		{879A1E57-C268-4309-A0FA-3A313083865F}.Release|Any CPU.ActiveCfg = Release|Any CPU
		{879A1E57-C268-4309-A0FA-3A313083865F}.Release|Any CPU.Build.0 = Release|Any CPU
		{05597CDF-2E0E-40CD-9A10-CE9214D67ECA}.Debug|Any CPU.ActiveCfg = Debug|Any CPU
		{05597CDF-2E0E-40CD-9A10-CE9214D67ECA}.Debug|Any CPU.Build.0 = Debug|Any CPU
		{05597CDF-2E0E-40CD-9A10-CE9214D67ECA}.Release|Any CPU.ActiveCfg = Release|Any CPU
		{05597CDF-2E0E-40CD-9A10-CE9214D67ECA}.Release|Any CPU.Build.0 = Release|Any CPU
		{9A8872D5-6A20-469B-8766-69484FD00A05}.Debug|Any CPU.ActiveCfg = Debug|Any CPU
		{9A8872D5-6A20-469B-8766-69484FD00A05}.Debug|Any CPU.Build.0 = Debug|Any CPU
		{9A8872D5-6A20-469B-8766-69484FD00A05}.Release|Any CPU.ActiveCfg = Release|Any CPU
		{9A8872D5-6A20-469B-8766-69484FD00A05}.Release|Any CPU.Build.0 = Release|Any CPU
		{B4658C9A-5975-4053-ABE8-70201C542340}.Debug|Any CPU.ActiveCfg = Debug|Any CPU
		{B4658C9A-5975-4053-ABE8-70201C542340}.Debug|Any CPU.Build.0 = Debug|Any CPU
		{B4658C9A-5975-4053-ABE8-70201C542340}.Release|Any CPU.ActiveCfg = Release|Any CPU
		{B4658C9A-5975-4053-ABE8-70201C542340}.Release|Any CPU.Build.0 = Release|Any CPU
	EndGlobalSection
	GlobalSection(SolutionProperties) = preSolution
		HideSolutionNode = FALSE
	EndGlobalSection
	GlobalSection(ExtensibilityGlobals) = postSolution
		SolutionGuid = {4582EEAA-AD92-4A79-B394-99063E8305BD}
	EndGlobalSection
EndGlobal
