
Microsoft Visual Studio Solution File, Format Version 12.00
# Visual Studio Version 17
VisualStudioVersion = 17.9.34902.65
MinimumVisualStudioVersion = 10.0.40219.1
Project("{FAE04EC0-301F-11D3-BF4B-00C04F79EFBC}") = "CatholicDailyReadings", "CatholicDailyReadings\CatholicDailyReadings.csproj", "{931C53FC-69F3-457A-9C71-CBC19365BF59}"
EndProject
Project("{FAE04EC0-301F-11D3-BF4B-00C04F79EFBC}") = "CatholicDailyReadings.Business", "CatholicDailyReadings.Business\CatholicDailyReadings.Business.csproj", "{105D0100-571D-4029-BA56-2F77E5707D25}"
EndProject
Project("{FAE04EC0-301F-11D3-BF4B-00C04F79EFBC}") = "CatholicDailyReadings.Models", "CatholicDailyReadings.Models\CatholicDailyReadings.Models.csproj", "{B951F970-2C36-4F75-8F35-24D02467CDC0}"
EndProject
Project("{FAE04EC0-301F-11D3-BF4B-00C04F79EFBC}") = "CatholicDailyReadings.BusinessTests", "CatholicDailyReadings.BusinessTests\CatholicDailyReadings.BusinessTests.csproj", "{5F7EA81A-44F3-4A1D-B45F-2391A1EB7040}"
EndProject
Project("{FAE04EC0-301F-11D3-BF4B-00C04F79EFBC}") = "CatholicDailyReadings.Utils", "CatholicDailyReadings.Utils\CatholicDailyReadings.Utils.csproj", "{E93E06EB-E31D-4456-9345-9433D012AA94}"
EndProject
Project("{FAE04EC0-301F-11D3-BF4B-00C04F79EFBC}") = "CatholicDailyReadings.UtilsTests", "CatholicDailyReadings.UtilsTests\CatholicDailyReadings.UtilsTests.csproj", "{2BA402E0-4AF9-4566-BEBE-C74DD7605771}"
EndProject
Global
	GlobalSection(SolutionConfigurationPlatforms) = preSolution
		Debug|Any CPU = Debug|Any CPU
		Release|Any CPU = Release|Any CPU
	EndGlobalSection
	GlobalSection(ProjectConfigurationPlatforms) = postSolution
		{931C53FC-69F3-457A-9C71-CBC19365BF59}.Debug|Any CPU.ActiveCfg = Debug|Any CPU
		{931C53FC-69F3-457A-9C71-CBC19365BF59}.Debug|Any CPU.Build.0 = Debug|Any CPU
		{931C53FC-69F3-457A-9C71-CBC19365BF59}.Release|Any CPU.ActiveCfg = Release|Any CPU
		{931C53FC-69F3-457A-9C71-CBC19365BF59}.Release|Any CPU.Build.0 = Release|Any CPU
		{105D0100-571D-4029-BA56-2F77E5707D25}.Debug|Any CPU.ActiveCfg = Debug|Any CPU
		{105D0100-571D-4029-BA56-2F77E5707D25}.Debug|Any CPU.Build.0 = Debug|Any CPU
		{105D0100-571D-4029-BA56-2F77E5707D25}.Release|Any CPU.ActiveCfg = Release|Any CPU
		{105D0100-571D-4029-BA56-2F77E5707D25}.Release|Any CPU.Build.0 = Release|Any CPU
		{B951F970-2C36-4F75-8F35-24D02467CDC0}.Debug|Any CPU.ActiveCfg = Debug|Any CPU
		{B951F970-2C36-4F75-8F35-24D02467CDC0}.Debug|Any CPU.Build.0 = Debug|Any CPU
		{B951F970-2C36-4F75-8F35-24D02467CDC0}.Release|Any CPU.ActiveCfg = Release|Any CPU
		{B951F970-2C36-4F75-8F35-24D02467CDC0}.Release|Any CPU.Build.0 = Release|Any CPU
		{5F7EA81A-44F3-4A1D-B45F-2391A1EB7040}.Debug|Any CPU.ActiveCfg = Debug|Any CPU
		{5F7EA81A-44F3-4A1D-B45F-2391A1EB7040}.Debug|Any CPU.Build.0 = Debug|Any CPU
		{5F7EA81A-44F3-4A1D-B45F-2391A1EB7040}.Release|Any CPU.ActiveCfg = Release|Any CPU
		{5F7EA81A-44F3-4A1D-B45F-2391A1EB7040}.Release|Any CPU.Build.0 = Release|Any CPU
		{E93E06EB-E31D-4456-9345-9433D012AA94}.Debug|Any CPU.ActiveCfg = Debug|Any CPU
		{E93E06EB-E31D-4456-9345-9433D012AA94}.Debug|Any CPU.Build.0 = Debug|Any CPU
		{E93E06EB-E31D-4456-9345-9433D012AA94}.Release|Any CPU.ActiveCfg = Release|Any CPU
		{E93E06EB-E31D-4456-9345-9433D012AA94}.Release|Any CPU.Build.0 = Release|Any CPU
		{2BA402E0-4AF9-4566-BEBE-C74DD7605771}.Debug|Any CPU.ActiveCfg = Debug|Any CPU
		{2BA402E0-4AF9-4566-BEBE-C74DD7605771}.Debug|Any CPU.Build.0 = Debug|Any CPU
		{2BA402E0-4AF9-4566-BEBE-C74DD7605771}.Release|Any CPU.ActiveCfg = Release|Any CPU
		{2BA402E0-4AF9-4566-BEBE-C74DD7605771}.Release|Any CPU.Build.0 = Release|Any CPU
	EndGlobalSection
	GlobalSection(SolutionProperties) = preSolution
		HideSolutionNode = FALSE
	EndGlobalSection
	GlobalSection(ExtensibilityGlobals) = postSolution
		SolutionGuid = {A75FAAC3-2FBC-4727-BA28-4AB271D4B0AC}
	EndGlobalSection
EndGlobal
